{
  "name": "node-vpsdk",
  "version": "0.2.1",
  "lockfileVersion": 1,
  "requires": true,
  "dependencies": {
    "@types/node": {
      "version": "7.0.5",
      "resolved": "https://registry.npmjs.org/@types/node/-/node-7.0.5.tgz",
      "integrity": "sha1-lqDwphi3tgbx7FR0A8AGUCEL+7c=",
      "dev": true
    },
    "@types/promise": {
      "version": "7.1.30",
      "resolved": "https://registry.npmjs.org/@types/promise/-/promise-7.1.30.tgz",
      "integrity": "sha1-G2cUsyH9/FTRUn56FxFqDh8quBA=",
      "dev": true
    },
    "typescript": {
      "version": "2.1.6",
      "resolved": "https://registry.npmjs.org/typescript/-/typescript-2.1.6.tgz",
      "integrity": "sha1-QMfm6eXaeWG3cYtVUF+crJSHpgc=",
      "dev": true
    },
    "vpsdk-wasm": {
      "version": "https://dev.virtualparadise.org/downloads/vpsdk-wasm-0.1.2017.tgz",
      "integrity": "sha512-oRPnuD8MhltR3IJVxzubjMtQCELTVxQxOD4oBfuqLsamcHgvrJDely16Iyywi1KnVg3XfZSmBNocybXN8juMsg=="
    }
  }
}
