{
  "name": "node-vpsdk",
  "version": "0.2.1",
  "lockfileVersion": 1,
  "requires": true,
  "dependencies": {
    "@types/node": {
      "version": "10.0.8",
      "resolved": "https://registry.npmjs.org/@types/node/-/node-10.0.8.tgz",
      "integrity": "sha512-MFFKFv2X4iZy/NFl1m1E8uwE1CR96SGwJjgHma09PLtqOWoj3nqeJHMG+P/EuJGVLvC2I6MdQRQsr4TcRduIow==",
      "dev": true
    },
    "typescript": {
      "version": "2.8.3",
      "resolved": "https://registry.npmjs.org/typescript/-/typescript-2.8.3.tgz",
      "integrity": "sha512-K7g15Bb6Ra4lKf7Iq2l/I5/En+hLIHmxWZGq3D4DIRNFxMNV6j2SHSvDOqs2tGd4UvD/fJvrwopzQXjLrT7Itw==",
      "dev": true
    },
    "vpsdk-wasm": {
      "version": "https://dev.virtualparadise.org/downloads/vpsdk-wasm-0.1.2019.tgz",
      "integrity": "sha512-+rOYroYA8N2VJkhmyRqYISnj29IjdDka730b0qP5gLPEyLBZpkdlEouqqrpIXWlfYEs6GaZ88m+wf0UjImfcdQ=="
    }
  }
}
